Microsoft Visual Studio Solution File, Format Version 12.00
# Visual Studio Version 17
VisualStudioVersion = 17.5.2.0
MinimumVisualStudioVersion = 10.0.40219.1
Project("{FAE04EC0-301F-11D3-BF4B-00C04F79EFBC}") = "RBACapi", "RBACapi.csproj", "{D08D0B07-07A2-190F-7488-B9562F52AAD9}"
EndProject
Global
	GlobalSection(SolutionConfigurationPlatforms) = preSolution
		Debug|Any CPU = Debug|Any CPU
		Release|Any CPU = Release|Any CPU
	EndGlobalSection
	GlobalSection(ProjectConfigurationPlatforms) = postSolution
		{D08D0B07-07A2-190F-7488-B9562F52AAD9}.Debug|Any CPU.ActiveCfg = Debug|Any CPU
		{D08D0B07-07A2-190F-7488-B9562F52AAD9}.Debug|Any CPU.Build.0 = Debug|Any CPU
		{D08D0B07-07A2-190F-7488-B9562F52AAD9}.Release|Any CPU.ActiveCfg = Release|Any CPU
		{D08D0B07-07A2-190F-7488-B9562F52AAD9}.Release|Any CPU.Build.0 = Release|Any CPU
	EndGlobalSection
	GlobalSection(SolutionProperties) = preSolution
		HideSolutionNode = FALSE
	EndGlobalSection
	GlobalSection(ExtensibilityGlobals) = postSolution
		SolutionGuid = {E8F4F8F8-8BA2-46DE-BAEA-2D081C6DA9BC}
	EndGlobalSection
EndGlobal
